// !$*UTF8*$!
{
	archiveVersion = 1;
	classes = {
	};
	objectVersion = 77;
	objects = {

/* Begin PBXBuildFile section */
		2A5981CD2D8AA86B00F03B4F /* Presentation in Frameworks */ = {isa = PBXBuildFile; productRef = 2A5981CC2D8AA86B00F03B4F /* Presentation */; };
/* End PBXBuildFile section */

/* Begin PBXContainerItemProxy section */
		2A529F932D87E6BD002F2AA4 /* PBXContainerItemProxy */ = {
			isa = PBXContainerItemProxy;
			containerPortal = 2A529F772D87E6BD002F2AA4 /* Project object */;
			proxyType = 1;
			remoteGlobalIDString = 2A529F7E2D87E6BD002F2AA4;
			remoteInfo = SwiftDexTCA;
		};
		2A529F9D2D87E6BD002F2AA4 /* PBXContainerItemProxy */ = {
			isa = PBXContainerItemProxy;
			containerPortal = 2A529F772D87E6BD002F2AA4 /* Project object */;
			proxyType = 1;
			remoteGlobalIDString = 2A529F7E2D87E6BD002F2AA4;
			remoteInfo = SwiftDexTCA;
		};
/* End PBXContainerItemProxy section */

/* Begin PBXFileReference section */
		2A529F7F2D87E6BD002F2AA4 /* SwiftDexTCA.app */ = {isa = PBXFileReference; explicitFileType = wrapper.application; includeInIndex = 0; path = SwiftDexTCA.app; sourceTree = BUILT_PRODUCTS_DIR; };
		2A529F922D87E6BD002F2AA4 /* SwiftDexTCATests.xctest */ = {isa = PBXFileReference; explicitFileType = wrapper.cfbundle; includeInIndex = 0; path = SwiftDexTCATests.xctest; sourceTree = BUILT_PRODUCTS_DIR; };
		2A529F9C2D87E6BD002F2AA4 /* SwiftDexTCAUITests.xctest */ = {isa = PBXFileReference; explicitFileType = wrapper.cfbundle; includeInIndex = 0; path = SwiftDexTCAUITests.xctest; sourceTree = BUILT_PRODUCTS_DIR; };
/* End PBXFileReference section */

/* Begin PBXFileSystemSynchronizedRootGroup section */
		2A529F812D87E6BD002F2AA4 /* SwiftDexTCA */ = {
			isa = PBXFileSystemSynchronizedRootGroup;
			path = SwiftDexTCA;
			sourceTree = "<group>";
		};
		2A529F952D87E6BD002F2AA4 /* SwiftDexTCATests */ = {
			isa = PBXFileSystemSynchronizedRootGroup;
			path = SwiftDexTCATests;
			sourceTree = "<group>";
		};
		2A529F9F2D87E6BD002F2AA4 /* SwiftDexTCAUITests */ = {
			isa = PBXFileSystemSynchronizedRootGroup;
			path = SwiftDexTCAUITests;
			sourceTree = "<group>";
		};
/* End PBXFileSystemSynchronizedRootGroup section */

/* Begin PBXFrameworksBuildPhase section */
		2A529F7C2D87E6BD002F2AA4 /* Frameworks */ = {
			isa = PBXFrameworksBuildPhase;
			buildActionMask = 2147483647;
			files = (
				2A5981CD2D8AA86B00F03B4F /* Presentation in Frameworks */,
			);
			runOnlyForDeploymentPostprocessing = 0;
		};
		2A529F8F2D87E6BD002F2AA4 /* Frameworks */ = {
			isa = PBXFrameworksBuildPhase;
			buildActionMask = 2147483647;
			files = (
			);
			runOnlyForDeploymentPostprocessing = 0;
		};
		2A529F992D87E6BD002F2AA4 /* Frameworks */ = {
			isa = PBXFrameworksBuildPhase;
			buildActionMask = 2147483647;
			files = (
			);
			runOnlyForDeploymentPostprocessing = 0;
		};
/* End PBXFrameworksBuildPhase section */

/* Begin PBXGroup section */
		2A529F762D87E6BD002F2AA4 = {
			isa = PBXGroup;
			children = (
				2A529F812D87E6BD002F2AA4 /* SwiftDexTCA */,
				2A529F952D87E6BD002F2AA4 /* SwiftDexTCATests */,
				2A529F9F2D87E6BD002F2AA4 /* SwiftDexTCAUITests */,
				2A52A1152D891A37002F2AA4 /* Frameworks */,
				2A529F802D87E6BD002F2AA4 /* Products */,
			);
			sourceTree = "<group>";
		};
		2A529F802D87E6BD002F2AA4 /* Products */ = {
			isa = PBXGroup;
			children = (
				2A529F7F2D87E6BD002F2AA4 /* SwiftDexTCA.app */,
				2A529F922D87E6BD002F2AA4 /* SwiftDexTCATests.xctest */,
				2A529F9C2D87E6BD002F2AA4 /* SwiftDexTCAUITests.xctest */,
			);
			name = Products;
			sourceTree = "<group>";
		};
		2A52A1152D891A37002F2AA4 /* Frameworks */ = {
			isa = PBXGroup;
			children = (
			);
			name = Frameworks;
			sourceTree = "<group>";
		};
/* End PBXGroup section */

/* Begin PBXNativeTarget section */
		2A529F7E2D87E6BD002F2AA4 /* SwiftDexTCA */ = {
			isa = PBXNativeTarget;
			buildConfigurationList = 2A529FA62D87E6BD002F2AA4 /* Build configuration list for PBXNativeTarget "SwiftDexTCA" */;
			buildPhases = (
				2A529F7B2D87E6BD002F2AA4 /* Sources */,
				2A529F7C2D87E6BD002F2AA4 /* Frameworks */,
				2A529F7D2D87E6BD002F2AA4 /* Resources */,
			);
			buildRules = (
			);
			dependencies = (
			);
			fileSystemSynchronizedGroups = (
				2A529F812D87E6BD002F2AA4 /* SwiftDexTCA */,
			);
			name = SwiftDexTCA;
			packageProductDependencies = (
				2A5981CC2D8AA86B00F03B4F /* Presentation */,
			);
			productName = SwiftDexTCA;
			productReference = 2A529F7F2D87E6BD002F2AA4 /* SwiftDexTCA.app */;
			productType = "com.apple.product-type.application";
		};
		2A529F912D87E6BD002F2AA4 /* SwiftDexTCATests */ = {
			isa = PBXNativeTarget;
			buildConfigurationList = 2A529FA92D87E6BD002F2AA4 /* Build configuration list for PBXNativeTarget "SwiftDexTCATests" */;
			buildPhases = (
				2A529F8E2D87E6BD002F2AA4 /* Sources */,
				2A529F8F2D87E6BD002F2AA4 /* Frameworks */,
				2A529F902D87E6BD002F2AA4 /* Resources */,
			);
			buildRules = (
			);
			dependencies = (
				2A529F942D87E6BD002F2AA4 /* PBXTargetDependency */,
			);
			fileSystemSynchronizedGroups = (
				2A529F952D87E6BD002F2AA4 /* SwiftDexTCATests */,
			);
			name = SwiftDexTCATests;
			packageProductDependencies = (
			);
			productName = SwiftDexTCATests;
			productReference = 2A529F922D87E6BD002F2AA4 /* SwiftDexTCATests.xctest */;
			productType = "com.apple.product-type.bundle.unit-test";
		};
		2A529F9B2D87E6BD002F2AA4 /* SwiftDexTCAUITests */ = {
			isa = PBXNativeTarget;
			buildConfigurationList = 2A529FAC2D87E6BD002F2AA4 /* Build configuration list for PBXNativeTarget "SwiftDexTCAUITests" */;
			buildPhases = (
				2A529F982D87E6BD002F2AA4 /* Sources */,
				2A529F992D87E6BD002F2AA4 /* Frameworks */,
				2A529F9A2D87E6BD002F2AA4 /* Resources */,
			);
			buildRules = (
			);
			dependencies = (
				2A529F9E2D87E6BD002F2AA4 /* PBXTargetDependency */,
			);
			fileSystemSynchronizedGroups = (
				2A529F9F2D87E6BD002F2AA4 /* SwiftDexTCAUITests */,
			);
			name = SwiftDexTCAUITests;
			packageProductDependencies = (
			);
			productName = SwiftDexTCAUITests;
			productReference = 2A529F9C2D87E6BD002F2AA4 /* SwiftDexTCAUITests.xctest */;
			productType = "com.apple.product-type.bundle.ui-testing";
		};
/* End PBXNativeTarget section */

/* Begin PBXProject section */
		2A529F772D87E6BD002F2AA4 /* Project object */ = {
			isa = PBXProject;
			attributes = {
				BuildIndependentTargetsInParallel = 1;
				LastSwiftUpdateCheck = 1620;
				LastUpgradeCheck = 1620;
				TargetAttributes = {
					2A529F7E2D87E6BD002F2AA4 = {
						CreatedOnToolsVersion = 16.2;
					};
					2A529F912D87E6BD002F2AA4 = {
						CreatedOnToolsVersion = 16.2;
						TestTargetID = 2A529F7E2D87E6BD002F2AA4;
					};
					2A529F9B2D87E6BD002F2AA4 = {
						CreatedOnToolsVersion = 16.2;
						TestTargetID = 2A529F7E2D87E6BD002F2AA4;
					};
				};
			};
			buildConfigurationList = 2A529F7A2D87E6BD002F2AA4 /* Build configuration list for PBXProject "SwiftDexTCA" */;
			developmentRegion = en;
			hasScannedForEncodings = 0;
			knownRegions = (
				en,
				Base,
			);
			mainGroup = 2A529F762D87E6BD002F2AA4;
			minimizedProjectReferenceProxies = 1;
			preferredProjectObjectVersion = 77;
			productRefGroup = 2A529F802D87E6BD002F2AA4 /* Products */;
			projectDirPath = "";
			projectRoot = "";
			targets = (
				2A529F7E2D87E6BD002F2AA4 /* SwiftDexTCA */,
				2A529F912D87E6BD002F2AA4 /* SwiftDexTCATests */,
				2A529F9B2D87E6BD002F2AA4 /* SwiftDexTCAUITests */,
			);
		};
/* End PBXProject section */

/* Begin PBXResourcesBuildPhase section */
		2A529F7D2D87E6BD002F2AA4 /* Resources */ = {
			isa = PBXResourcesBuildPhase;
			buildActionMask = 2147483647;
			files = (
			);
			runOnlyForDeploymentPostprocessing = 0;
		};
		2A529F902D87E6BD002F2AA4 /* Resources */ = {
			isa = PBXResourcesBuildPhase;
			buildActionMask = 2147483647;
			files = (
			);
			runOnlyForDeploymentPostprocessing = 0;
		};
		2A529F9A2D87E6BD002F2AA4 /* Resources */ = {
			isa = PBXResourcesBuildPhase;
			buildActionMask = 2147483647;
			files = (
			);
			runOnlyForDeploymentPostprocessing = 0;
		};
/* End PBXResourcesBuildPhase section */

/* Begin PBXSourcesBuildPhase section */
		2A529F7B2D87E6BD002F2AA4 /* Sources */ = {
			isa = PBXSourcesBuildPhase;
			buildActionMask = 2147483647;
			files = (
			);
			runOnlyForDeploymentPostprocessing = 0;
		};
		2A529F8E2D87E6BD002F2AA4 /* Sources */ = {
			isa = PBXSourcesBuildPhase;
			buildActionMask = 2147483647;
			files = (
			);
			runOnlyForDeploymentPostprocessing = 0;
		};
		2A529F982D87E6BD002F2AA4 /* Sources */ = {
			isa = PBXSourcesBuildPhase;
			buildActionMask = 2147483647;
			files = (
			);
			runOnlyForDeploymentPostprocessing = 0;
		};
/* End PBXSourcesBuildPhase section */

/* Begin PBXTargetDependency section */
		2A529F942D87E6BD002F2AA4 /* PBXTargetDependency */ = {
			isa = PBXTargetDependency;
			target = 2A529F7E2D87E6BD002F2AA4 /* SwiftDexTCA */;
			targetProxy = 2A529F932D87E6BD002F2AA4 /* PBXContainerItemProxy */;
		};
		2A529F9E2D87E6BD002F2AA4 /* PBXTargetDependency */ = {
			isa = PBXTargetDependency;
			target = 2A529F7E2D87E6BD002F2AA4 /* SwiftDexTCA */;
			targetProxy = 2A529F9D2D87E6BD002F2AA4 /* PBXContainerItemProxy */;
		};
/* End PBXTargetDependency section */

/* Begin XCBuildConfiguration section */
		2A529FA42D87E6BD002F2AA4 /* Debug */ = {
			isa = XCBuildConfiguration;
			buildSettings = {
				ALWAYS_SEARCH_USER_PATHS = NO;
				ASSETCATALOG_COMPILER_GENERATE_SWIFT_ASSET_SYMBOL_EXTENSIONS = YES;
				CLANG_ANALYZER_NONNULL = YES;
				CLANG_ANALYZER_NUMBER_OBJECT_CONVERSION = YES_AGGRESSIVE;
				CLANG_CXX_LANGUAGE_STANDARD = "gnu++20";
				CLANG_ENABLE_MODULES = YES;
				CLANG_ENABLE_OBJC_ARC = YES;
				CLANG_ENABLE_OBJC_WEAK = YES;
				CLANG_WARN_BLOCK_CAPTURE_AUTORELEASING = YES;
				CLANG_WARN_BOOL_CONVERSION = YES;
				CLANG_WARN_COMMA = YES;
				CLANG_WARN_CONSTANT_CONVERSION = YES;
				CLANG_WARN_DEPRECATED_OBJC_IMPLEMENTATIONS = YES;
				CLANG_WARN_DIRECT_OBJC_ISA_USAGE = YES_ERROR;
				CLANG_WARN_DOCUMENTATION_COMMENTS = YES;
				CLANG_WARN_EMPTY_BODY = YES;
				CLANG_WARN_ENUM_CONVERSION = YES;
				CLANG_WARN_INFINITE_RECURSION = YES;
				CLANG_WARN_INT_CONVERSION = YES;
				CLANG_WARN_NON_LITERAL_NULL_CONVERSION = YES;
				CLANG_WARN_OBJC_IMPLICIT_RETAIN_SELF = YES;
				CLANG_WARN_OBJC_LITERAL_CONVERSION = YES;
				CLANG_WARN_OBJC_ROOT_CLASS = YES_ERROR;
				CLANG_WARN_QUOTED_INCLUDE_IN_FRAMEWORK_HEADER = YES;
				CLANG_WARN_RANGE_LOOP_ANALYSIS = YES;
				CLANG_WARN_STRICT_PROTOTYPES = YES;
				CLANG_WARN_SUSPICIOUS_MOVE = YES;
				CLANG_WARN_UNGUARDED_AVAILABILITY = YES_AGGRESSIVE;
				CLANG_WARN_UNREACHABLE_CODE = YES;
				CLANG_WARN__DUPLICATE_METHOD_MATCH = YES;
				COPY_PHASE_STRIP = NO;
				DEBUG_INFORMATION_FORMAT = dwarf;
				ENABLE_STRICT_OBJC_MSGSEND = YES;
				ENABLE_TESTABILITY = YES;
				ENABLE_USER_SCRIPT_SANDBOXING = YES;
				GCC_C_LANGUAGE_STANDARD = gnu17;
				GCC_DYNAMIC_NO_PIC = NO;
				GCC_NO_COMMON_BLOCKS = YES;
				GCC_OPTIMIZATION_LEVEL = 0;
				GCC_PREPROCESSOR_DEFINITIONS = (
					"DEBUG=1",
					"$(inherited)",
				);
				GCC_WARN_64_TO_32_BIT_CONVERSION = YES;
				GCC_WARN_ABOUT_RETURN_TYPE = YES_ERROR;
				GCC_WARN_UNDECLARED_SELECTOR = YES;
				GCC_WARN_UNINITIALIZED_AUTOS = YES_AGGRESSIVE;
				GCC_WARN_UNUSED_FUNCTION = YES;
				GCC_WARN_UNUSED_VARIABLE = YES;
				LOCALIZATION_PREFERS_STRING_CATALOGS = YES;
				MTL_ENABLE_DEBUG_INFO = INCLUDE_SOURCE;
				MTL_FAST_MATH = YES;
				ONLY_ACTIVE_ARCH = YES;
				SWIFT_ACTIVE_COMPILATION_CONDITIONS = "DEBUG $(inherited)";
				SWIFT_OPTIMIZATION_LEVEL = "-Onone";
			};
			name = Debug;
		};
		2A529FA52D87E6BD002F2AA4 /* Release */ = {
			isa = XCBuildConfiguration;
			buildSettings = {
				ALWAYS_SEARCH_USER_PATHS = NO;
				ASSETCATALOG_COMPILER_GENERATE_SWIFT_ASSET_SYMBOL_EXTENSIONS = YES;
				CLANG_ANALYZER_NONNULL = YES;
				CLANG_ANALYZER_NUMBER_OBJECT_CONVERSION = YES_AGGRESSIVE;
				CLANG_CXX_LANGUAGE_STANDARD = "gnu++20";
				CLANG_ENABLE_MODULES = YES;
				CLANG_ENABLE_OBJC_ARC = YES;
				CLANG_ENABLE_OBJC_WEAK = YES;
				CLANG_WARN_BLOCK_CAPTURE_AUTORELEASING = YES;
				CLANG_WARN_BOOL_CONVERSION = YES;
				CLANG_WARN_COMMA = YES;
				CLANG_WARN_CONSTANT_CONVERSION = YES;
				CLANG_WARN_DEPRECATED_OBJC_IMPLEMENTATIONS = YES;
				CLANG_WARN_DIRECT_OBJC_ISA_USAGE = YES_ERROR;
				CLANG_WARN_DOCUMENTATION_COMMENTS = YES;
				CLANG_WARN_EMPTY_BODY = YES;
				CLANG_WARN_ENUM_CONVERSION = YES;
				CLANG_WARN_INFINITE_RECURSION = YES;
				CLANG_WARN_INT_CONVERSION = YES;
				CLANG_WARN_NON_LITERAL_NULL_CONVERSION = YES;
				CLANG_WARN_OBJC_IMPLICIT_RETAIN_SELF = YES;
				CLANG_WARN_OBJC_LITERAL_CONVERSION = YES;
				CLANG_WARN_OBJC_ROOT_CLASS = YES_ERROR;
				CLANG_WARN_QUOTED_INCLUDE_IN_FRAMEWORK_HEADER = YES;
				CLANG_WARN_RANGE_LOOP_ANALYSIS = YES;
				CLANG_WARN_STRICT_PROTOTYPES = YES;
				CLANG_WARN_SUSPICIOUS_MOVE = YES;
				CLANG_WARN_UNGUARDED_AVAILABILITY = YES_AGGRESSIVE;
				CLANG_WARN_UNREACHABLE_CODE = YES;
				CLANG_WARN__DUPLICATE_METHOD_MATCH = YES;
				COPY_PHASE_STRIP = NO;
				DEBUG_INFORMATION_FORMAT = "dwarf-with-dsym";
				ENABLE_NS_ASSERTIONS = NO;
				ENABLE_STRICT_OBJC_MSGSEND = YES;
				ENABLE_USER_SCRIPT_SANDBOXING = YES;
				GCC_C_LANGUAGE_STANDARD = gnu17;
				GCC_NO_COMMON_BLOCKS = YES;
				GCC_WARN_64_TO_32_BIT_CONVERSION = YES;
				GCC_WARN_ABOUT_RETURN_TYPE = YES_ERROR;
				GCC_WARN_UNDECLARED_SELECTOR = YES;
				GCC_WARN_UNINITIALIZED_AUTOS = YES_AGGRESSIVE;
				GCC_WARN_UNUSED_FUNCTION = YES;
				GCC_WARN_UNUSED_VARIABLE = YES;
				LOCALIZATION_PREFERS_STRING_CATALOGS = YES;
				MTL_ENABLE_DEBUG_INFO = NO;
				MTL_FAST_MATH = YES;
				SWIFT_COMPILATION_MODE = wholemodule;
			};
			name = Release;
		};
		2A529FA72D87E6BD002F2AA4 /* Debug */ = {
			isa = XCBuildConfiguration;
			buildSettings = {
				ASSETCATALOG_COMPILER_APPICON_NAME = AppIcon;
				ASSETCATALOG_COMPILER_GLOBAL_ACCENT_COLOR_NAME = AccentColor;
				CODE_SIGN_ENTITLEMENTS = SwiftDexTCA/SwiftDexTCA.entitlements;
				CODE_SIGN_STYLE = Automatic;
				CURRENT_PROJECT_VERSION = 1;
				DEVELOPMENT_ASSET_PATHS = "\"SwiftDexTCA/Preview Content\"";
				DEVELOPMENT_TEAM = NM58RL3P2Y;
				ENABLE_HARDENED_RUNTIME = YES;
				ENABLE_PREVIEWS = YES;
				GENERATE_INFOPLIST_FILE = YES;
				"INFOPLIST_KEY_UIApplicationSceneManifest_Generation[sdk=iphoneos*]" = YES;
				"INFOPLIST_KEY_UIApplicationSceneManifest_Generation[sdk=iphonesimulator*]" = YES;
				"INFOPLIST_KEY_UIApplicationSupportsIndirectInputEvents[sdk=iphoneos*]" = YES;
				"INFOPLIST_KEY_UIApplicationSupportsIndirectInputEvents[sdk=iphonesimulator*]" = YES;
				"INFOPLIST_KEY_UILaunchScreen_Generation[sdk=iphoneos*]" = YES;
				"INFOPLIST_KEY_UILaunchScreen_Generation[sdk=iphonesimulator*]" = YES;
				"INFOPLIST_KEY_UIStatusBarStyle[sdk=iphoneos*]" = UIStatusBarStyleDefault;
				"INFOPLIST_KEY_UIStatusBarStyle[sdk=iphonesimulator*]" = UIStatusBarStyleDefault;
				INFOPLIST_KEY_UISupportedInterfaceOrientations_iPad = "UIInterfaceOrientationPortrait UIInterfaceOrientationPortraitUpsideDown UIInterfaceOrientationLandscapeLeft UIInterfaceOrientationLandscapeRight";
				INFOPLIST_KEY_UISupportedInterfaceOrientations_iPhone = "UIInterfaceOrientationPortrait UIInterfaceOrientationLandscapeLeft UIInterfaceOrientationLandscapeRight";
				IPHONEOS_DEPLOYMENT_TARGET = 18.2;
				LD_RUNPATH_SEARCH_PATHS = "@executable_path/Frameworks";
				"LD_RUNPATH_SEARCH_PATHS[sdk=macosx*]" = "@executable_path/../Frameworks";
				MACOSX_DEPLOYMENT_TARGET = 14.0;
				MARKETING_VERSION = 1.0;
				PRODUCT_BUNDLE_IDENTIFIER = yukitanaka.SwiftDexTCA;
				PRODUCT_NAME = "$(TARGET_NAME)";
				SDKROOT = auto;
				SUPPORTED_PLATFORMS = "iphoneos iphonesimulator macosx xros xrsimulator";
				SWIFT_EMIT_LOC_STRINGS = YES;
				SWIFT_VERSION = 5.0;
				TARGETED_DEVICE_FAMILY = "1,2,7";
				XROS_DEPLOYMENT_TARGET = 2.2;
			};
			name = Debug;
		};
		2A529FA82D87E6BD002F2AA4 /* Release */ = {
			isa = XCBuildConfiguration;
			buildSettings = {
				ASSETCATALOG_COMPILER_APPICON_NAME = AppIcon;
				ASSETCATALOG_COMPILER_GLOBAL_ACCENT_COLOR_NAME = AccentColor;
				CODE_SIGN_ENTITLEMENTS = SwiftDexTCA/SwiftDexTCA.entitlements;
				CODE_SIGN_STYLE = Automatic;
				CURRENT_PROJECT_VERSION = 1;
				DEVELOPMENT_ASSET_PATHS = "\"SwiftDexTCA/Preview Content\"";
				DEVELOPMENT_TEAM = NM58RL3P2Y;
				ENABLE_HARDENED_RUNTIME = YES;
				ENABLE_PREVIEWS = YES;
				GENERATE_INFOPLIST_FILE = YES;
				"INFOPLIST_KEY_UIApplicationSceneManifest_Generation[sdk=iphoneos*]" = YES;
				"INFOPLIST_KEY_UIApplicationSceneManifest_Generation[sdk=iphonesimulator*]" = YES;
				"INFOPLIST_KEY_UIApplicationSupportsIndirectInputEvents[sdk=iphoneos*]" = YES;
				"INFOPLIST_KEY_UIApplicationSupportsIndirectInputEvents[sdk=iphonesimulator*]" = YES;
				"INFOPLIST_KEY_UILaunchScreen_Generation[sdk=iphoneos*]" = YES;
				"INFOPLIST_KEY_UILaunchScreen_Generation[sdk=iphonesimulator*]" = YES;
				"INFOPLIST_KEY_UIStatusBarStyle[sdk=iphoneos*]" = UIStatusBarStyleDefault;
				"INFOPLIST_KEY_UIStatusBarStyle[sdk=iphonesimulator*]" = UIStatusBarStyleDefault;
				INFOPLIST_KEY_UISupportedInterfaceOrientations_iPad = "UIInterfaceOrientationPortrait UIInterfaceOrientationPortraitUpsideDown UIInterfaceOrientationLandscapeLeft UIInterfaceOrientationLandscapeRight";
				INFOPLIST_KEY_UISupportedInterfaceOrientations_iPhone = "UIInterfaceOrientationPortrait UIInterfaceOrientationLandscapeLeft UIInterfaceOrientationLandscapeRight";
				IPHONEOS_DEPLOYMENT_TARGET = 18.2;
				LD_RUNPATH_SEARCH_PATHS = "@executable_path/Frameworks";
				"LD_RUNPATH_SEARCH_PATHS[sdk=macosx*]" = "@executable_path/../Frameworks";
				MACOSX_DEPLOYMENT_TARGET = 14.0;
				MARKETING_VERSION = 1.0;
				PRODUCT_BUNDLE_IDENTIFIER = yukitanaka.SwiftDexTCA;
				PRODUCT_NAME = "$(TARGET_NAME)";
				SDKROOT = auto;
				SUPPORTED_PLATFORMS = "iphoneos iphonesimulator macosx xros xrsimulator";
				SWIFT_EMIT_LOC_STRINGS = YES;
				SWIFT_VERSION = 5.0;
				TARGETED_DEVICE_FAMILY = "1,2,7";
				XROS_DEPLOYMENT_TARGET = 2.2;
			};
			name = Release;
		};
		2A529FAA2D87E6BD002F2AA4 /* Debug */ = {
			isa = XCBuildConfiguration;
			buildSettings = {
				BUNDLE_LOADER = "$(TEST_HOST)";
				CODE_SIGN_STYLE = Automatic;
				CURRENT_PROJECT_VERSION = 1;
				DEVELOPMENT_TEAM = NM58RL3P2Y;
				GENERATE_INFOPLIST_FILE = YES;
				IPHONEOS_DEPLOYMENT_TARGET = 18.2;
				MACOSX_DEPLOYMENT_TARGET = 15.2;
				MARKETING_VERSION = 1.0;
				PRODUCT_BUNDLE_IDENTIFIER = yukitanaka.SwiftDexTCATests;
				PRODUCT_NAME = "$(TARGET_NAME)";
				SDKROOT = auto;
				SUPPORTED_PLATFORMS = "iphoneos iphonesimulator macosx xros xrsimulator";
				SWIFT_EMIT_LOC_STRINGS = NO;
				SWIFT_VERSION = 5.0;
				TARGETED_DEVICE_FAMILY = "1,2,7";
				TEST_HOST = "$(BUILT_PRODUCTS_DIR)/SwiftDexTCA.app/$(BUNDLE_EXECUTABLE_FOLDER_PATH)/SwiftDexTCA";
				XROS_DEPLOYMENT_TARGET = 2.2;
			};
			name = Debug;
		};
		2A529FAB2D87E6BD002F2AA4 /* Release */ = {
			isa = XCBuildConfiguration;
			buildSettings = {
				BUNDLE_LOADER = "$(TEST_HOST)";
				CODE_SIGN_STYLE = Automatic;
				CURRENT_PROJECT_VERSION = 1;
				DEVELOPMENT_TEAM = NM58RL3P2Y;
				GENERATE_INFOPLIST_FILE = YES;
				IPHONEOS_DEPLOYMENT_TARGET = 18.2;
				MACOSX_DEPLOYMENT_TARGET = 15.2;
				MARKETING_VERSION = 1.0;
				PRODUCT_BUNDLE_IDENTIFIER = yukitanaka.SwiftDexTCATests;
				PRODUCT_NAME = "$(TARGET_NAME)";
				SDKROOT = auto;
				SUPPORTED_PLATFORMS = "iphoneos iphonesimulator macosx xros xrsimulator";
				SWIFT_EMIT_LOC_STRINGS = NO;
				SWIFT_VERSION = 5.0;
				TARGETED_DEVICE_FAMILY = "1,2,7";
				TEST_HOST = "$(BUILT_PRODUCTS_DIR)/SwiftDexTCA.app/$(BUNDLE_EXECUTABLE_FOLDER_PATH)/SwiftDexTCA";
				XROS_DEPLOYMENT_TARGET = 2.2;
			};
			name = Release;
		};
		2A529FAD2D87E6BD002F2AA4 /* Debug */ = {
			isa = XCBuildConfiguration;
			buildSettings = {
				CODE_SIGN_STYLE = Automatic;
				CURRENT_PROJECT_VERSION = 1;
				DEVELOPMENT_TEAM = NM58RL3P2Y;
				GENERATE_INFOPLIST_FILE = YES;
				IPHONEOS_DEPLOYMENT_TARGET = 18.2;
				MACOSX_DEPLOYMENT_TARGET = 15.2;
				MARKETING_VERSION = 1.0;
				PRODUCT_BUNDLE_IDENTIFIER = yukitanaka.SwiftDexTCAUITests;
				PRODUCT_NAME = "$(TARGET_NAME)";
				SDKROOT = auto;
				SUPPORTED_PLATFORMS = "iphoneos iphonesimulator macosx xros xrsimulator";
				SWIFT_EMIT_LOC_STRINGS = NO;
				SWIFT_VERSION = 5.0;
				TARGETED_DEVICE_FAMILY = "1,2,7";
				TEST_TARGET_NAME = SwiftDexTCA;
				XROS_DEPLOYMENT_TARGET = 2.2;
			};
			name = Debug;
		};
		2A529FAE2D87E6BD002F2AA4 /* Release */ = {
			isa = XCBuildConfiguration;
			buildSettings = {
				CODE_SIGN_STYLE = Automatic;
				CURRENT_PROJECT_VERSION = 1;
				DEVELOPMENT_TEAM = NM58RL3P2Y;
				GENERATE_INFOPLIST_FILE = YES;
				IPHONEOS_DEPLOYMENT_TARGET = 18.2;
				MACOSX_DEPLOYMENT_TARGET = 15.2;
				MARKETING_VERSION = 1.0;
				PRODUCT_BUNDLE_IDENTIFIER = yukitanaka.SwiftDexTCAUITests;
				PRODUCT_NAME = "$(TARGET_NAME)";
				SDKROOT = auto;
				SUPPORTED_PLATFORMS = "iphoneos iphonesimulator macosx xros xrsimulator";
				SWIFT_EMIT_LOC_STRINGS = NO;
				SWIFT_VERSION = 5.0;
				TARGETED_DEVICE_FAMILY = "1,2,7";
				TEST_TARGET_NAME = SwiftDexTCA;
				XROS_DEPLOYMENT_TARGET = 2.2;
			};
			name = Release;
		};
/* End XCBuildConfiguration section */

/* Begin XCConfigurationList section */
		2A529F7A2D87E6BD002F2AA4 /* Build configuration list for PBXProject "SwiftDexTCA" */ = {
			isa = XCConfigurationList;
			buildConfigurations = (
				2A529FA42D87E6BD002F2AA4 /* Debug */,
				2A529FA52D87E6BD002F2AA4 /* Release */,
			);
			defaultConfigurationIsVisible = 0;
			defaultConfigurationName = Release;
		};
		2A529FA62D87E6BD002F2AA4 /* Build configuration list for PBXNativeTarget "SwiftDexTCA" */ = {
			isa = XCConfigurationList;
			buildConfigurations = (
				2A529FA72D87E6BD002F2AA4 /* Debug */,
				2A529FA82D87E6BD002F2AA4 /* Release */,
			);
			defaultConfigurationIsVisible = 0;
			defaultConfigurationName = Release;
		};
		2A529FA92D87E6BD002F2AA4 /* Build configuration list for PBXNativeTarget "SwiftDexTCATests" */ = {
			isa = XCConfigurationList;
			buildConfigurations = (
				2A529FAA2D87E6BD002F2AA4 /* Debug */,
				2A529FAB2D87E6BD002F2AA4 /* Release */,
			);
			defaultConfigurationIsVisible = 0;
			defaultConfigurationName = Release;
		};
		2A529FAC2D87E6BD002F2AA4 /* Build configuration list for PBXNativeTarget "SwiftDexTCAUITests" */ = {
			isa = XCConfigurationList;
			buildConfigurations = (
				2A529FAD2D87E6BD002F2AA4 /* Debug */,
				2A529FAE2D87E6BD002F2AA4 /* Release */,
			);
			defaultConfigurationIsVisible = 0;
			defaultConfigurationName = Release;
		};
/* End XCConfigurationList section */

/* Begin XCSwiftPackageProductDependency section */
		2A5981CC2D8AA86B00F03B4F /* Presentation */ = {
			isa = XCSwiftPackageProductDependency;
			productName = Presentation;
		};
/* End XCSwiftPackageProductDependency section */
	};
	rootObject = 2A529F772D87E6BD002F2AA4 /* Project object */;
}
